{
  "name": "xatom-debug-chrome-base",
  "version": "0.2.12",
  "lockfileVersion": 1,
  "dependencies": {
    "@types/atom": {
      "version": "0.0.37",
      "resolved": "https://registry.npmjs.org/@types/atom/-/atom-0.0.37.tgz",
      "integrity": "sha1-iDXINMS5esfnqn33N8y5V87m9DE=",
      "dev": true
    },
    "@types/emissary": {
      "version": "0.0.29",
      "resolved": "https://registry.npmjs.org/@types/emissary/-/emissary-0.0.29.tgz",
      "integrity": "sha1-86u3KkuuQh5l4/U548RV1XXza1E=",
      "dev": true
    },
    "@types/jquery": {
      "version": "3.2.1",
      "resolved": "https://registry.npmjs.org/@types/jquery/-/jquery-3.2.1.tgz",
      "integrity": "sha512-GKqrdd++ADesGEsiZ3zuhlBpOONCeHI5//ShzbReEyoIaKavi0ZPHQSbYH/WaLg8Hxu5ezlqTB8S0GFKyop0qA==",
      "dev": true
    },
    "@types/lodash": {
      "version": "4.14.66",
      "resolved": "https://registry.npmjs.org/@types/lodash/-/lodash-4.14.66.tgz",
      "integrity": "sha512-LpGSiIy5/utq8AT2bSXGnENnS1kCZJ1m84L1yqKst2UehSZe6VWROmiysYg/lLJR6zu2ooeVoQtkUHToA+mEtQ==",
      "dev": true
    },
    "@types/mixto": {
      "version": "0.0.28",
      "resolved": "https://registry.npmjs.org/@types/mixto/-/mixto-0.0.28.tgz",
      "integrity": "sha1-eiYJMtsHyh65M0Zt667AJm7Ie1E=",
      "dev": true
    },
    "@types/node": {
      "version": "7.0.31",
      "resolved": "https://registry.npmjs.org/@types/node/-/node-7.0.31.tgz",
      "integrity": "sha512-+KrE1LDddn97ip+gXZAnzNQ0pupKH/6tcKwTpo96BDVNpzmhIKGHug0Wd3H0dN4WEqYB1tXYI5m2mZuIZNI8tg=="
    },
    "@types/pathwatcher": {
      "version": "0.0.32",
      "resolved": "https://registry.npmjs.org/@types/pathwatcher/-/pathwatcher-0.0.32.tgz",
      "integrity": "sha1-7asm+dRafyvFiFq4bZqh1G+G4AQ=",
      "dev": true
    },
    "@types/q": {
      "version": "0.0.35",
      "resolved": "https://registry.npmjs.org/@types/q/-/q-0.0.35.tgz",
      "integrity": "sha512-Br6c/XFnnYBSOGKadEaXruA71rpUMxMzlSrGmhpoIEWrqRMI/yQjrY+0ORJi52m/JgkxRqatdBJ32fQ/95qtbw==",
      "dev": true
    },
    "@types/space-pen": {
      "version": "0.0.28",
      "resolved": "https://registry.npmjs.org/@types/space-pen/-/space-pen-0.0.28.tgz",
      "integrity": "sha512-tiRM024TSrGhrRQuDwKlDBCJGBxNNqur8wUhT1YXd0jzjuQq4XJn8qjO22MPhu5xRYDmTMdwxo0Z3IzQGPh9MQ==",
      "dev": true
    },
    "@types/status-bar": {
      "version": "0.0.29",
      "resolved": "https://registry.npmjs.org/@types/status-bar/-/status-bar-0.0.29.tgz",
      "integrity": "sha512-vS5dbVUvjnLjgwXUthh8xhivkBh5OJVmWI+fcyws+7kHT/DG+kWrcxwXZO0gx+bLkk27pNXPWq7g8maWdHUsiQ==",
      "dev": true
    },
    "@types/text-buffer": {
      "version": "0.0.31",
      "resolved": "https://registry.npmjs.org/@types/text-buffer/-/text-buffer-0.0.31.tgz",
      "integrity": "sha512-0JTwpPOJG4TyunlEI7YSoq7dv//gLeodfzvqTSLXf3UOafG7TLx9wZwNv7ivysFQ2zQRmeUw+cuD2iGADmMOyQ==",
      "dev": true
    },
    "@types/ws": {
      "version": "0.0.39",
      "resolved": "https://registry.npmjs.org/@types/ws/-/ws-0.0.39.tgz",
      "integrity": "sha1-0jhsNHXrZOVhE3okWk0dE7H2n9E="
    },
    "chrome-debugging-protocol": {
      "version": "0.1.0",
      "resolved": "https://registry.npmjs.org/chrome-debugging-protocol/-/chrome-debugging-protocol-0.1.0.tgz",
      "integrity": "sha1-Vl7RgGLS9UIyWLExI/qUjhQAEok="
    },
    "lodash": {
      "version": "4.17.4",
      "resolved": "https://registry.npmjs.org/lodash/-/lodash-4.17.4.tgz",
      "integrity": "sha1-eCA6TRwyiuHYbcpkYONptX9AVa4="
    },
    "safe-buffer": {
      "version": "5.0.1",
      "resolved": "https://registry.npmjs.org/safe-buffer/-/safe-buffer-5.0.1.tgz",
      "integrity": "sha1-0mPKVGls2KMGtcplUekt5XkY++c="
    },
    "source-map": {
      "version": "0.5.6",
      "resolved": "https://registry.npmjs.org/source-map/-/source-map-0.5.6.tgz",
      "integrity": "sha1-dc449SvwczxafwwRjYEzSiu19BI="
    },
    "typescript": {
      "version": "2.3.4",
      "resolved": "https://registry.npmjs.org/typescript/-/typescript-2.3.4.tgz",
      "integrity": "sha1-PTgyGCgjHkNPKHUUlZw3qCtin0I=",
      "dev": true
    },
    "ultron": {
      "version": "1.1.0",
      "resolved": "https://registry.npmjs.org/ultron/-/ultron-1.1.0.tgz",
      "integrity": "sha1-sHoualQagV/Go0zNRTO67DB8qGQ="
    },
    "ws": {
      "version": "2.3.1",
      "resolved": "https://registry.npmjs.org/ws/-/ws-2.3.1.tgz",
      "integrity": "sha1-a5Sz5EfLajY/eF6vlK9jWejoHIA="
    }
  }
}
